
Microsoft Visual Studio Solution File, Format Version 12.00
# Visual Studio Version 17
VisualStudioVersion = 17.14.36212.18 d17.14
MinimumVisualStudioVersion = 10.0.40219.1
Project("{FAE04EC0-301F-11D3-BF4B-00C04F79EFBC}") = "Demo", "Demo\Demo.csproj", "{5EEC2240-7C3B-411A-8A36-F9F72E0427CD}"
EndProject
Global
	GlobalSection(SolutionConfigurationPlatforms) = preSolution
		Debug|Any CPU = Debug|Any CPU
		Release|Any CPU = Release|Any CPU
	EndGlobalSection
	GlobalSection(ProjectConfigurationPlatforms) = postSolution
		{5EEC2240-7C3B-411A-8A36-F9F72E0427CD}.Debug|Any CPU.ActiveCfg = Debug|Any CPU
		{5EEC2240-7C3B-411A-8A36-F9F72E0427CD}.Debug|Any CPU.Build.0 = Debug|Any CPU
		{5EEC2240-7C3B-411A-8A36-F9F72E0427CD}.Release|Any CPU.ActiveCfg = Release|Any CPU
		{5EEC2240-7C3B-411A-8A36-F9F72E0427CD}.Release|Any CPU.Build.0 = Release|Any CPU
	EndGlobalSection
	GlobalSection(SolutionProperties) = preSolution
		HideSolutionNode = FALSE
	EndGlobalSection
	GlobalSection(ExtensibilityGlobals) = postSolution
		SolutionGuid = {B220F2A5-EE5F-47D8-A9EF-3D1CDDDBD1FB}
	EndGlobalSection
EndGlobal
